
Microsoft Visual Studio Solution File, Format Version 12.00
# Visual Studio Version 17
VisualStudioVersion = 17.8.34511.84
MinimumVisualStudioVersion = 10.0.40219.1
Project("{9A19103F-16F7-4668-BE54-9A1E7A4F7556}") = "SpaceDb", "SpaceDb\SpaceDb.csproj", "{33D0EC01-D12B-42B3-8E7B-E1028674F1E8}"
EndProject
Project("{2150E333-8FDC-42A3-9474-1A3956D46DE8}") = "Libs", "Libs", "{D706DD7D-F543-40E5-A8F1-0B11DA27D26D}"
EndProject
Project("{9A19103F-16F7-4668-BE54-9A1E7A4F7556}") = "Api.AspNetCore", "Libs\Api.AspNetCore\Api.AspNetCore.csproj", "{A826633E-0AB5-468E-BEA5-29AF55CCAD2B}"
EndProject
Project("{9A19103F-16F7-4668-BE54-9A1E7A4F7556}") = "Data.Mapping", "Libs\Data.Mapping\Data.Mapping.csproj", "{0299890D-7025-4C12-866D-EEA889CF55A5}"
EndProject
Project("{9A19103F-16F7-4668-BE54-9A1E7A4F7556}") = "Data.Repository", "Libs\Data.Repository\Data.Repository.csproj", "{542F861F-D602-4DA3-AB79-4426113337DA}"
EndProject
Project("{9A19103F-16F7-4668-BE54-9A1E7A4F7556}") = "Core.Workflow", "Libs\Core.Workflow\Core.Workflow.csproj", "{5538395B-5BA8-410C-B74B-0ADFE98B0CBA}"
EndProject
Project("{FAE04EC0-301F-11D3-BF4B-00C04F79EFBC}") = "AI", "Libs\AI\AI.csproj", "{DB01AA59-236B-3B27-B7D9-AF4D8E3BCFE0}"
EndProject
Project("{FAE04EC0-301F-11D3-BF4B-00C04F79EFBC}") = "AI.Client", "Libs\AI.Client\AI.Client.csproj", "{7BB0F59F-8962-D64C-6694-CB18D3F9B1F7}"
EndProject
Project("{FAE04EC0-301F-11D3-BF4B-00C04F79EFBC}") = "SpaceDb.Tests", "SpaceDb.Tests\SpaceDb.Tests.csproj", "{EBC76E55-B275-4BA9-9D1D-604D6076011E}"
EndProject
Project("{FAE04EC0-301F-11D3-BF4B-00C04F79EFBC}") = "SpaceDb.DistributedCache", "Libs\SpaceDb.DistributedCache\SpaceDb.DistributedCache.csproj", "{CD35F195-3D9C-9374-5705-97735C787AF5}"
EndProject
Project("{FAE04EC0-301F-11D3-BF4B-00C04F79EFBC}") = "SpaceDb.DistributedCache.Tests", "SpaceDb.DistributedCache.Tests\SpaceDb.DistributedCache.Tests.csproj", "{8AA77E5A-ECA6-4581-20D2-0E437C94C9CE}"
EndProject
Project("{FAE04EC0-301F-11D3-BF4B-00C04F79EFBC}") = "Magic.Drivers.Telegram", "Libs\Magic.Drivers.Telegram\Magic.Drivers.Telegram.csproj", "{A1B2C3D4-E5F6-7890-ABCD-EF1234567890}"
EndProject
Project("{FAE04EC0-301F-11D3-BF4B-00C04F79EFBC}") = "Magic.Kernel", "Libs\Magic.Kernel\Magic.Kernel.csproj", "{DF8BCD13-84AF-4D4E-BE08-8E9CDBA8E496}"
EndProject
Project("{FAE04EC0-301F-11D3-BF4B-00C04F79EFBC}") = "Magic.Compiler", "Libs\Magic.Compiler\Magic.Compiler.csproj", "{CF1A27E5-1906-8079-95E7-A68225D24914}"
EndProject
Project("{FAE04EC0-301F-11D3-BF4B-00C04F79EFBC}") = "Magic.Kernel.Tests", "Libs\Magic.Kernel.Tests\Magic.Kernel.Tests.csproj", "{2E28A24B-6D87-57B9-20B1-838C02ECD093}"
EndProject
Project("{FAE04EC0-301F-11D3-BF4B-00C04F79EFBC}") = "SpaceDb.RocksDb", "Libs\SpaceDb.RocksDb\SpaceDb.RocksDb.csproj", "{427F6397-FCE6-4EB1-A45D-2B2765D922EE}"
EndProject
Project("{FAE04EC0-301F-11D3-BF4B-00C04F79EFBC}") = "Magic.SSC", "Libs\Magic.SSC\Magic.SSC.csproj", "{E8F9A1B2-3C4D-5E6F-7890-ABCDEF123456}"
EndProject
Project("{FAE04EC0-301F-11D3-BF4B-00C04F79EFBC}") = "Space.OS.Simulator", "Space.OS.Simulator\Space.OS.Simulator.csproj", "{760F28E6-841D-4FEA-BF18-3B104429E935}"
EndProject
Project("{FAE04EC0-301F-11D3-BF4B-00C04F79EFBC}") = "Space.OS.ExecutionUnit", "Space.OS.ExecutionUnit\Space.OS.ExecutionUnit.csproj", "{439E587E-D1A6-4F06-A540-2230C8B21AF9}"
EndProject
Project("{FAE04EC0-301F-11D3-BF4B-00C04F79EFBC}") = "Space.OS.ExecutionUnit.Container", "Space.OS.ExecutionUnit.Container\Space.OS.ExecutionUnit.Container.csproj", "{B2C3D4E5-F6A7-8901-BCDE-F12345678901}"
EndProject
Project("{FAE04EC0-301F-11D3-BF4B-00C04F79EFBC}") = "Space.OS.Simulator.Console", "Space.OS.Simulator.Console\Space.OS.Simulator.Console.csproj", "{C3D4E5F6-A7B8-9012-CDEF-123456789012}"
EndProject
Project("{FAE04EC0-301F-11D3-BF4B-00C04F79EFBC}") = "Magic.Drivers.WTelegram", "Libs\Magic.Drivers.WTelegram\Magic.Drivers.WTelegram.csproj", "{CD98A14F-BE25-4F41-97F8-AE525A462BFC}"
EndProject
Project("{FAE04EC0-301F-11D3-BF4B-00C04F79EFBC}") = "Magic.Drivers.Inference.OpenAI", "Libs\Magic.Drivers.Inference.OpenAI\Magic.Drivers.Inference.OpenAI.csproj", "{D1E2F3A4-B5C6-7890-ABCD-EF0123456789}"
EndProject
Global
	GlobalSection(SolutionConfigurationPlatforms) = preSolution
		Debug|Any CPU = Debug|Any CPU
		Debug|x64 = Debug|x64
		Debug|x86 = Debug|x86
		Release|Any CPU = Release|Any CPU
		Release|x64 = Release|x64
		Release|x86 = Release|x86
	EndGlobalSection
	GlobalSection(ProjectConfigurationPlatforms) = postSolution
		{33D0EC01-D12B-42B3-8E7B-E1028674F1E8}.Debug|Any CPU.ActiveCfg = Debug|Any CPU
		{33D0EC01-D12B-42B3-8E7B-E1028674F1E8}.Debug|Any CPU.Build.0 = Debug|Any CPU
		{33D0EC01-D12B-42B3-8E7B-E1028674F1E8}.Debug|x64.ActiveCfg = Debug|Any CPU
		{33D0EC01-D12B-42B3-8E7B-E1028674F1E8}.Debug|x64.Build.0 = Debug|Any CPU
		{33D0EC01-D12B-42B3-8E7B-E1028674F1E8}.Debug|x86.ActiveCfg = Debug|Any CPU
		{33D0EC01-D12B-42B3-8E7B-E1028674F1E8}.Debug|x86.Build.0 = Debug|Any CPU
		{33D0EC01-D12B-42B3-8E7B-E1028674F1E8}.Release|Any CPU.ActiveCfg = Release|Any CPU
		{33D0EC01-D12B-42B3-8E7B-E1028674F1E8}.Release|Any CPU.Build.0 = Release|Any CPU
		{33D0EC01-D12B-42B3-8E7B-E1028674F1E8}.Release|x64.ActiveCfg = Release|Any CPU
		{33D0EC01-D12B-42B3-8E7B-E1028674F1E8}.Release|x64.Build.0 = Release|Any CPU
		{33D0EC01-D12B-42B3-8E7B-E1028674F1E8}.Release|x86.ActiveCfg = Release|Any CPU
		{33D0EC01-D12B-42B3-8E7B-E1028674F1E8}.Release|x86.Build.0 = Release|Any CPU
		{A826633E-0AB5-468E-BEA5-29AF55CCAD2B}.Debug|Any CPU.ActiveCfg = Debug|Any CPU
		{A826633E-0AB5-468E-BEA5-29AF55CCAD2B}.Debug|Any CPU.Build.0 = Debug|Any CPU
		{A826633E-0AB5-468E-BEA5-29AF55CCAD2B}.Debug|x64.ActiveCfg = Debug|Any CPU
		{A826633E-0AB5-468E-BEA5-29AF55CCAD2B}.Debug|x64.Build.0 = Debug|Any CPU
		{A826633E-0AB5-468E-BEA5-29AF55CCAD2B}.Debug|x86.ActiveCfg = Debug|Any CPU
		{A826633E-0AB5-468E-BEA5-29AF55CCAD2B}.Debug|x86.Build.0 = Debug|Any CPU
		{A826633E-0AB5-468E-BEA5-29AF55CCAD2B}.Release|Any CPU.ActiveCfg = Release|Any CPU
		{A826633E-0AB5-468E-BEA5-29AF55CCAD2B}.Release|Any CPU.Build.0 = Release|Any CPU
		{A826633E-0AB5-468E-BEA5-29AF55CCAD2B}.Release|x64.ActiveCfg = Release|Any CPU
		{A826633E-0AB5-468E-BEA5-29AF55CCAD2B}.Release|x64.Build.0 = Release|Any CPU
		{A826633E-0AB5-468E-BEA5-29AF55CCAD2B}.Release|x86.ActiveCfg = Release|Any CPU
		{A826633E-0AB5-468E-BEA5-29AF55CCAD2B}.Release|x86.Build.0 = Release|Any CPU
		{0299890D-7025-4C12-866D-EEA889CF55A5}.Debug|Any CPU.ActiveCfg = Debug|Any CPU
		{0299890D-7025-4C12-866D-EEA889CF55A5}.Debug|Any CPU.Build.0 = Debug|Any CPU
		{0299890D-7025-4C12-866D-EEA889CF55A5}.Debug|x64.ActiveCfg = Debug|Any CPU
		{0299890D-7025-4C12-866D-EEA889CF55A5}.Debug|x64.Build.0 = Debug|Any CPU
		{0299890D-7025-4C12-866D-EEA889CF55A5}.Debug|x86.ActiveCfg = Debug|Any CPU
		{0299890D-7025-4C12-866D-EEA889CF55A5}.Debug|x86.Build.0 = Debug|Any CPU
		{0299890D-7025-4C12-866D-EEA889CF55A5}.Release|Any CPU.ActiveCfg = Release|Any CPU
		{0299890D-7025-4C12-866D-EEA889CF55A5}.Release|Any CPU.Build.0 = Release|Any CPU
		{0299890D-7025-4C12-866D-EEA889CF55A5}.Release|x64.ActiveCfg = Release|Any CPU
		{0299890D-7025-4C12-866D-EEA889CF55A5}.Release|x64.Build.0 = Release|Any CPU
		{0299890D-7025-4C12-866D-EEA889CF55A5}.Release|x86.ActiveCfg = Release|Any CPU
		{0299890D-7025-4C12-866D-EEA889CF55A5}.Release|x86.Build.0 = Release|Any CPU
		{542F861F-D602-4DA3-AB79-4426113337DA}.Debug|Any CPU.ActiveCfg = Debug|Any CPU
		{542F861F-D602-4DA3-AB79-4426113337DA}.Debug|Any CPU.Build.0 = Debug|Any CPU
		{542F861F-D602-4DA3-AB79-4426113337DA}.Debug|x64.ActiveCfg = Debug|Any CPU
		{542F861F-D602-4DA3-AB79-4426113337DA}.Debug|x64.Build.0 = Debug|Any CPU
		{542F861F-D602-4DA3-AB79-4426113337DA}.Debug|x86.ActiveCfg = Debug|Any CPU
		{542F861F-D602-4DA3-AB79-4426113337DA}.Debug|x86.Build.0 = Debug|Any CPU
		{542F861F-D602-4DA3-AB79-4426113337DA}.Release|Any CPU.ActiveCfg = Release|Any CPU
		{542F861F-D602-4DA3-AB79-4426113337DA}.Release|Any CPU.Build.0 = Release|Any CPU
		{542F861F-D602-4DA3-AB79-4426113337DA}.Release|x64.ActiveCfg = Release|Any CPU
		{542F861F-D602-4DA3-AB79-4426113337DA}.Release|x64.Build.0 = Release|Any CPU
		{542F861F-D602-4DA3-AB79-4426113337DA}.Release|x86.ActiveCfg = Release|Any CPU
		{542F861F-D602-4DA3-AB79-4426113337DA}.Release|x86.Build.0 = Release|Any CPU
		{5538395B-5BA8-410C-B74B-0ADFE98B0CBA}.Debug|Any CPU.ActiveCfg = Debug|Any CPU
		{5538395B-5BA8-410C-B74B-0ADFE98B0CBA}.Debug|Any CPU.Build.0 = Debug|Any CPU
		{5538395B-5BA8-410C-B74B-0ADFE98B0CBA}.Debug|x64.ActiveCfg = Debug|Any CPU
		{5538395B-5BA8-410C-B74B-0ADFE98B0CBA}.Debug|x64.Build.0 = Debug|Any CPU
		{5538395B-5BA8-410C-B74B-0ADFE98B0CBA}.Debug|x86.ActiveCfg = Debug|Any CPU
		{5538395B-5BA8-410C-B74B-0ADFE98B0CBA}.Debug|x86.Build.0 = Debug|Any CPU
		{5538395B-5BA8-410C-B74B-0ADFE98B0CBA}.Release|Any CPU.ActiveCfg = Release|Any CPU
		{5538395B-5BA8-410C-B74B-0ADFE98B0CBA}.Release|Any CPU.Build.0 = Release|Any CPU
		{5538395B-5BA8-410C-B74B-0ADFE98B0CBA}.Release|x64.ActiveCfg = Release|Any CPU
		{5538395B-5BA8-410C-B74B-0ADFE98B0CBA}.Release|x64.Build.0 = Release|Any CPU
		{5538395B-5BA8-410C-B74B-0ADFE98B0CBA}.Release|x86.ActiveCfg = Release|Any CPU
		{5538395B-5BA8-410C-B74B-0ADFE98B0CBA}.Release|x86.Build.0 = Release|Any CPU
		{DB01AA59-236B-3B27-B7D9-AF4D8E3BCFE0}.Debug|Any CPU.ActiveCfg = Debug|Any CPU
		{DB01AA59-236B-3B27-B7D9-AF4D8E3BCFE0}.Debug|Any CPU.Build.0 = Debug|Any CPU
		{DB01AA59-236B-3B27-B7D9-AF4D8E3BCFE0}.Debug|x64.ActiveCfg = Debug|Any CPU
		{DB01AA59-236B-3B27-B7D9-AF4D8E3BCFE0}.Debug|x64.Build.0 = Debug|Any CPU
		{DB01AA59-236B-3B27-B7D9-AF4D8E3BCFE0}.Debug|x86.ActiveCfg = Debug|Any CPU
		{DB01AA59-236B-3B27-B7D9-AF4D8E3BCFE0}.Debug|x86.Build.0 = Debug|Any CPU
		{DB01AA59-236B-3B27-B7D9-AF4D8E3BCFE0}.Release|Any CPU.ActiveCfg = Release|Any CPU
		{DB01AA59-236B-3B27-B7D9-AF4D8E3BCFE0}.Release|Any CPU.Build.0 = Release|Any CPU
		{DB01AA59-236B-3B27-B7D9-AF4D8E3BCFE0}.Release|x64.ActiveCfg = Release|Any CPU
		{DB01AA59-236B-3B27-B7D9-AF4D8E3BCFE0}.Release|x64.Build.0 = Release|Any CPU
		{DB01AA59-236B-3B27-B7D9-AF4D8E3BCFE0}.Release|x86.ActiveCfg = Release|Any CPU
		{DB01AA59-236B-3B27-B7D9-AF4D8E3BCFE0}.Release|x86.Build.0 = Release|Any CPU
		{7BB0F59F-8962-D64C-6694-CB18D3F9B1F7}.Debug|Any CPU.ActiveCfg = Debug|Any CPU
		{7BB0F59F-8962-D64C-6694-CB18D3F9B1F7}.Debug|Any CPU.Build.0 = Debug|Any CPU
		{7BB0F59F-8962-D64C-6694-CB18D3F9B1F7}.Debug|x64.ActiveCfg = Debug|Any CPU
		{7BB0F59F-8962-D64C-6694-CB18D3F9B1F7}.Debug|x64.Build.0 = Debug|Any CPU
		{7BB0F59F-8962-D64C-6694-CB18D3F9B1F7}.Debug|x86.ActiveCfg = Debug|Any CPU
		{7BB0F59F-8962-D64C-6694-CB18D3F9B1F7}.Debug|x86.Build.0 = Debug|Any CPU
		{7BB0F59F-8962-D64C-6694-CB18D3F9B1F7}.Release|Any CPU.ActiveCfg = Release|Any CPU
		{7BB0F59F-8962-D64C-6694-CB18D3F9B1F7}.Release|Any CPU.Build.0 = Release|Any CPU
		{7BB0F59F-8962-D64C-6694-CB18D3F9B1F7}.Release|x64.ActiveCfg = Release|Any CPU
		{7BB0F59F-8962-D64C-6694-CB18D3F9B1F7}.Release|x64.Build.0 = Release|Any CPU
		{7BB0F59F-8962-D64C-6694-CB18D3F9B1F7}.Release|x86.ActiveCfg = Release|Any CPU
		{7BB0F59F-8962-D64C-6694-CB18D3F9B1F7}.Release|x86.Build.0 = Release|Any CPU
		{EBC76E55-B275-4BA9-9D1D-604D6076011E}.Debug|Any CPU.ActiveCfg = Debug|Any CPU
		{EBC76E55-B275-4BA9-9D1D-604D6076011E}.Debug|Any CPU.Build.0 = Debug|Any CPU
		{EBC76E55-B275-4BA9-9D1D-604D6076011E}.Debug|x64.ActiveCfg = Debug|Any CPU
		{EBC76E55-B275-4BA9-9D1D-604D6076011E}.Debug|x64.Build.0 = Debug|Any CPU
		{EBC76E55-B275-4BA9-9D1D-604D6076011E}.Debug|x86.ActiveCfg = Debug|Any CPU
		{EBC76E55-B275-4BA9-9D1D-604D6076011E}.Debug|x86.Build.0 = Debug|Any CPU
		{EBC76E55-B275-4BA9-9D1D-604D6076011E}.Release|Any CPU.ActiveCfg = Release|Any CPU
		{EBC76E55-B275-4BA9-9D1D-604D6076011E}.Release|Any CPU.Build.0 = Release|Any CPU
		{EBC76E55-B275-4BA9-9D1D-604D6076011E}.Release|x64.ActiveCfg = Release|Any CPU
		{EBC76E55-B275-4BA9-9D1D-604D6076011E}.Release|x64.Build.0 = Release|Any CPU
		{EBC76E55-B275-4BA9-9D1D-604D6076011E}.Release|x86.ActiveCfg = Release|Any CPU
		{EBC76E55-B275-4BA9-9D1D-604D6076011E}.Release|x86.Build.0 = Release|Any CPU
		{CD35F195-3D9C-9374-5705-97735C787AF5}.Debug|Any CPU.ActiveCfg = Debug|Any CPU
		{CD35F195-3D9C-9374-5705-97735C787AF5}.Debug|Any CPU.Build.0 = Debug|Any CPU
		{CD35F195-3D9C-9374-5705-97735C787AF5}.Debug|x64.ActiveCfg = Debug|Any CPU
		{CD35F195-3D9C-9374-5705-97735C787AF5}.Debug|x64.Build.0 = Debug|Any CPU
		{CD35F195-3D9C-9374-5705-97735C787AF5}.Debug|x86.ActiveCfg = Debug|Any CPU
		{CD35F195-3D9C-9374-5705-97735C787AF5}.Debug|x86.Build.0 = Debug|Any CPU
		{CD35F195-3D9C-9374-5705-97735C787AF5}.Release|Any CPU.ActiveCfg = Release|Any CPU
		{CD35F195-3D9C-9374-5705-97735C787AF5}.Release|Any CPU.Build.0 = Release|Any CPU
		{CD35F195-3D9C-9374-5705-97735C787AF5}.Release|x64.ActiveCfg = Release|Any CPU
		{CD35F195-3D9C-9374-5705-97735C787AF5}.Release|x64.Build.0 = Release|Any CPU
		{CD35F195-3D9C-9374-5705-97735C787AF5}.Release|x86.ActiveCfg = Release|Any CPU
		{CD35F195-3D9C-9374-5705-97735C787AF5}.Release|x86.Build.0 = Release|Any CPU
		{8AA77E5A-ECA6-4581-20D2-0E437C94C9CE}.Debug|Any CPU.ActiveCfg = Debug|Any CPU
		{8AA77E5A-ECA6-4581-20D2-0E437C94C9CE}.Debug|Any CPU.Build.0 = Debug|Any CPU
		{8AA77E5A-ECA6-4581-20D2-0E437C94C9CE}.Debug|x64.ActiveCfg = Debug|Any CPU
		{8AA77E5A-ECA6-4581-20D2-0E437C94C9CE}.Debug|x64.Build.0 = Debug|Any CPU
		{8AA77E5A-ECA6-4581-20D2-0E437C94C9CE}.Debug|x86.ActiveCfg = Debug|Any CPU
		{8AA77E5A-ECA6-4581-20D2-0E437C94C9CE}.Debug|x86.Build.0 = Debug|Any CPU
		{8AA77E5A-ECA6-4581-20D2-0E437C94C9CE}.Release|Any CPU.ActiveCfg = Release|Any CPU
		{8AA77E5A-ECA6-4581-20D2-0E437C94C9CE}.Release|Any CPU.Build.0 = Release|Any CPU
		{8AA77E5A-ECA6-4581-20D2-0E437C94C9CE}.Release|x64.ActiveCfg = Release|Any CPU
		{8AA77E5A-ECA6-4581-20D2-0E437C94C9CE}.Release|x64.Build.0 = Release|Any CPU
		{8AA77E5A-ECA6-4581-20D2-0E437C94C9CE}.Release|x86.ActiveCfg = Release|Any CPU
		{8AA77E5A-ECA6-4581-20D2-0E437C94C9CE}.Release|x86.Build.0 = Release|Any CPU
		{A1B2C3D4-E5F6-7890-ABCD-EF1234567890}.Debug|Any CPU.ActiveCfg = Debug|Any CPU
		{A1B2C3D4-E5F6-7890-ABCD-EF1234567890}.Debug|Any CPU.Build.0 = Debug|Any CPU
		{A1B2C3D4-E5F6-7890-ABCD-EF1234567890}.Debug|x64.ActiveCfg = Debug|Any CPU
		{A1B2C3D4-E5F6-7890-ABCD-EF1234567890}.Debug|x64.Build.0 = Debug|Any CPU
		{A1B2C3D4-E5F6-7890-ABCD-EF1234567890}.Debug|x86.ActiveCfg = Debug|Any CPU
		{A1B2C3D4-E5F6-7890-ABCD-EF1234567890}.Debug|x86.Build.0 = Debug|Any CPU
		{A1B2C3D4-E5F6-7890-ABCD-EF1234567890}.Release|Any CPU.ActiveCfg = Release|Any CPU
		{A1B2C3D4-E5F6-7890-ABCD-EF1234567890}.Release|Any CPU.Build.0 = Release|Any CPU
		{A1B2C3D4-E5F6-7890-ABCD-EF1234567890}.Release|x64.ActiveCfg = Release|Any CPU
		{A1B2C3D4-E5F6-7890-ABCD-EF1234567890}.Release|x64.Build.0 = Release|Any CPU
		{A1B2C3D4-E5F6-7890-ABCD-EF1234567890}.Release|x86.ActiveCfg = Release|Any CPU
		{A1B2C3D4-E5F6-7890-ABCD-EF1234567890}.Release|x86.Build.0 = Release|Any CPU
		{DF8BCD13-84AF-4D4E-BE08-8E9CDBA8E496}.Debug|Any CPU.ActiveCfg = Debug|Any CPU
		{DF8BCD13-84AF-4D4E-BE08-8E9CDBA8E496}.Debug|Any CPU.Build.0 = Debug|Any CPU
		{DF8BCD13-84AF-4D4E-BE08-8E9CDBA8E496}.Debug|x64.ActiveCfg = Debug|Any CPU
		{DF8BCD13-84AF-4D4E-BE08-8E9CDBA8E496}.Debug|x64.Build.0 = Debug|Any CPU
		{DF8BCD13-84AF-4D4E-BE08-8E9CDBA8E496}.Debug|x86.ActiveCfg = Debug|Any CPU
		{DF8BCD13-84AF-4D4E-BE08-8E9CDBA8E496}.Debug|x86.Build.0 = Debug|Any CPU
		{DF8BCD13-84AF-4D4E-BE08-8E9CDBA8E496}.Release|Any CPU.ActiveCfg = Release|Any CPU
		{DF8BCD13-84AF-4D4E-BE08-8E9CDBA8E496}.Release|Any CPU.Build.0 = Release|Any CPU
		{DF8BCD13-84AF-4D4E-BE08-8E9CDBA8E496}.Release|x64.ActiveCfg = Release|Any CPU
		{DF8BCD13-84AF-4D4E-BE08-8E9CDBA8E496}.Release|x64.Build.0 = Release|Any CPU
		{DF8BCD13-84AF-4D4E-BE08-8E9CDBA8E496}.Release|x86.ActiveCfg = Release|Any CPU
		{DF8BCD13-84AF-4D4E-BE08-8E9CDBA8E496}.Release|x86.Build.0 = Release|Any CPU
		{CF1A27E5-1906-8079-95E7-A68225D24914}.Debug|Any CPU.ActiveCfg = Debug|Any CPU
		{CF1A27E5-1906-8079-95E7-A68225D24914}.Debug|Any CPU.Build.0 = Debug|Any CPU
		{CF1A27E5-1906-8079-95E7-A68225D24914}.Debug|x64.ActiveCfg = Debug|Any CPU
		{CF1A27E5-1906-8079-95E7-A68225D24914}.Debug|x64.Build.0 = Debug|Any CPU
		{CF1A27E5-1906-8079-95E7-A68225D24914}.Debug|x86.ActiveCfg = Debug|Any CPU
		{CF1A27E5-1906-8079-95E7-A68225D24914}.Debug|x86.Build.0 = Debug|Any CPU
		{CF1A27E5-1906-8079-95E7-A68225D24914}.Release|Any CPU.ActiveCfg = Release|Any CPU
		{CF1A27E5-1906-8079-95E7-A68225D24914}.Release|Any CPU.Build.0 = Release|Any CPU
		{CF1A27E5-1906-8079-95E7-A68225D24914}.Release|x64.ActiveCfg = Release|Any CPU
		{CF1A27E5-1906-8079-95E7-A68225D24914}.Release|x64.Build.0 = Release|Any CPU
		{CF1A27E5-1906-8079-95E7-A68225D24914}.Release|x86.ActiveCfg = Release|Any CPU
		{CF1A27E5-1906-8079-95E7-A68225D24914}.Release|x86.Build.0 = Release|Any CPU
		{2E28A24B-6D87-57B9-20B1-838C02ECD093}.Debug|Any CPU.ActiveCfg = Debug|Any CPU
		{2E28A24B-6D87-57B9-20B1-838C02ECD093}.Debug|Any CPU.Build.0 = Debug|Any CPU
		{2E28A24B-6D87-57B9-20B1-838C02ECD093}.Debug|x64.ActiveCfg = Debug|Any CPU
		{2E28A24B-6D87-57B9-20B1-838C02ECD093}.Debug|x64.Build.0 = Debug|Any CPU
		{2E28A24B-6D87-57B9-20B1-838C02ECD093}.Debug|x86.ActiveCfg = Debug|Any CPU
		{2E28A24B-6D87-57B9-20B1-838C02ECD093}.Debug|x86.Build.0 = Debug|Any CPU
		{2E28A24B-6D87-57B9-20B1-838C02ECD093}.Release|Any CPU.ActiveCfg = Release|Any CPU
		{2E28A24B-6D87-57B9-20B1-838C02ECD093}.Release|Any CPU.Build.0 = Release|Any CPU
		{2E28A24B-6D87-57B9-20B1-838C02ECD093}.Release|x64.ActiveCfg = Release|Any CPU
		{2E28A24B-6D87-57B9-20B1-838C02ECD093}.Release|x64.Build.0 = Release|Any CPU
		{2E28A24B-6D87-57B9-20B1-838C02ECD093}.Release|x86.ActiveCfg = Release|Any CPU
		{2E28A24B-6D87-57B9-20B1-838C02ECD093}.Release|x86.Build.0 = Release|Any CPU
		{427F6397-FCE6-4EB1-A45D-2B2765D922EE}.Debug|Any CPU.ActiveCfg = Debug|Any CPU
		{427F6397-FCE6-4EB1-A45D-2B2765D922EE}.Debug|Any CPU.Build.0 = Debug|Any CPU
		{427F6397-FCE6-4EB1-A45D-2B2765D922EE}.Debug|x64.ActiveCfg = Debug|Any CPU
		{427F6397-FCE6-4EB1-A45D-2B2765D922EE}.Debug|x64.Build.0 = Debug|Any CPU
		{427F6397-FCE6-4EB1-A45D-2B2765D922EE}.Debug|x86.ActiveCfg = Debug|Any CPU
		{427F6397-FCE6-4EB1-A45D-2B2765D922EE}.Debug|x86.Build.0 = Debug|Any CPU
		{427F6397-FCE6-4EB1-A45D-2B2765D922EE}.Release|Any CPU.ActiveCfg = Release|Any CPU
		{427F6397-FCE6-4EB1-A45D-2B2765D922EE}.Release|Any CPU.Build.0 = Release|Any CPU
		{427F6397-FCE6-4EB1-A45D-2B2765D922EE}.Release|x64.ActiveCfg = Release|Any CPU
		{427F6397-FCE6-4EB1-A45D-2B2765D922EE}.Release|x64.Build.0 = Release|Any CPU
		{427F6397-FCE6-4EB1-A45D-2B2765D922EE}.Release|x86.ActiveCfg = Release|Any CPU
		{427F6397-FCE6-4EB1-A45D-2B2765D922EE}.Release|x86.Build.0 = Release|Any CPU
		{E8F9A1B2-3C4D-5E6F-7890-ABCDEF123456}.Debug|Any CPU.ActiveCfg = Debug|Any CPU
		{E8F9A1B2-3C4D-5E6F-7890-ABCDEF123456}.Debug|Any CPU.Build.0 = Debug|Any CPU
		{E8F9A1B2-3C4D-5E6F-7890-ABCDEF123456}.Debug|x64.ActiveCfg = Debug|Any CPU
		{E8F9A1B2-3C4D-5E6F-7890-ABCDEF123456}.Debug|x64.Build.0 = Debug|Any CPU
		{E8F9A1B2-3C4D-5E6F-7890-ABCDEF123456}.Debug|x86.ActiveCfg = Debug|Any CPU
		{E8F9A1B2-3C4D-5E6F-7890-ABCDEF123456}.Debug|x86.Build.0 = Debug|Any CPU
		{E8F9A1B2-3C4D-5E6F-7890-ABCDEF123456}.Release|Any CPU.ActiveCfg = Release|Any CPU
		{E8F9A1B2-3C4D-5E6F-7890-ABCDEF123456}.Release|Any CPU.Build.0 = Release|Any CPU
		{E8F9A1B2-3C4D-5E6F-7890-ABCDEF123456}.Release|x64.ActiveCfg = Release|Any CPU
		{E8F9A1B2-3C4D-5E6F-7890-ABCDEF123456}.Release|x64.Build.0 = Release|Any CPU
		{E8F9A1B2-3C4D-5E6F-7890-ABCDEF123456}.Release|x86.ActiveCfg = Release|Any CPU
		{E8F9A1B2-3C4D-5E6F-7890-ABCDEF123456}.Release|x86.Build.0 = Release|Any CPU
		{760F28E6-841D-4FEA-BF18-3B104429E935}.Debug|Any CPU.ActiveCfg = Debug|Any CPU
		{760F28E6-841D-4FEA-BF18-3B104429E935}.Debug|Any CPU.Build.0 = Debug|Any CPU
		{760F28E6-841D-4FEA-BF18-3B104429E935}.Debug|x64.ActiveCfg = Debug|Any CPU
		{760F28E6-841D-4FEA-BF18-3B104429E935}.Debug|x64.Build.0 = Debug|Any CPU
		{760F28E6-841D-4FEA-BF18-3B104429E935}.Debug|x86.ActiveCfg = Debug|Any CPU
		{760F28E6-841D-4FEA-BF18-3B104429E935}.Debug|x86.Build.0 = Debug|Any CPU
		{760F28E6-841D-4FEA-BF18-3B104429E935}.Release|Any CPU.ActiveCfg = Release|Any CPU
		{760F28E6-841D-4FEA-BF18-3B104429E935}.Release|Any CPU.Build.0 = Release|Any CPU
		{760F28E6-841D-4FEA-BF18-3B104429E935}.Release|x64.ActiveCfg = Release|Any CPU
		{760F28E6-841D-4FEA-BF18-3B104429E935}.Release|x64.Build.0 = Release|Any CPU
		{760F28E6-841D-4FEA-BF18-3B104429E935}.Release|x86.ActiveCfg = Release|Any CPU
		{760F28E6-841D-4FEA-BF18-3B104429E935}.Release|x86.Build.0 = Release|Any CPU
		{439E587E-D1A6-4F06-A540-2230C8B21AF9}.Debug|Any CPU.ActiveCfg = Debug|Any CPU
		{439E587E-D1A6-4F06-A540-2230C8B21AF9}.Debug|Any CPU.Build.0 = Debug|Any CPU
		{439E587E-D1A6-4F06-A540-2230C8B21AF9}.Debug|x64.ActiveCfg = Debug|Any CPU
		{439E587E-D1A6-4F06-A540-2230C8B21AF9}.Debug|x64.Build.0 = Debug|Any CPU
		{439E587E-D1A6-4F06-A540-2230C8B21AF9}.Debug|x86.ActiveCfg = Debug|Any CPU
		{439E587E-D1A6-4F06-A540-2230C8B21AF9}.Debug|x86.Build.0 = Debug|Any CPU
		{439E587E-D1A6-4F06-A540-2230C8B21AF9}.Release|Any CPU.ActiveCfg = Release|Any CPU
		{439E587E-D1A6-4F06-A540-2230C8B21AF9}.Release|Any CPU.Build.0 = Release|Any CPU
		{439E587E-D1A6-4F06-A540-2230C8B21AF9}.Release|x64.ActiveCfg = Release|Any CPU
		{439E587E-D1A6-4F06-A540-2230C8B21AF9}.Release|x64.Build.0 = Release|Any CPU
		{439E587E-D1A6-4F06-A540-2230C8B21AF9}.Release|x86.ActiveCfg = Release|Any CPU
		{439E587E-D1A6-4F06-A540-2230C8B21AF9}.Release|x86.Build.0 = Release|Any CPU
		{B2C3D4E5-F6A7-8901-BCDE-F12345678901}.Debug|Any CPU.ActiveCfg = Debug|Any CPU
		{B2C3D4E5-F6A7-8901-BCDE-F12345678901}.Debug|Any CPU.Build.0 = Debug|Any CPU
		{B2C3D4E5-F6A7-8901-BCDE-F12345678901}.Debug|x64.ActiveCfg = Debug|Any CPU
		{B2C3D4E5-F6A7-8901-BCDE-F12345678901}.Debug|x64.Build.0 = Debug|Any CPU
		{B2C3D4E5-F6A7-8901-BCDE-F12345678901}.Debug|x86.ActiveCfg = Debug|Any CPU
		{B2C3D4E5-F6A7-8901-BCDE-F12345678901}.Debug|x86.Build.0 = Debug|Any CPU
		{B2C3D4E5-F6A7-8901-BCDE-F12345678901}.Release|Any CPU.ActiveCfg = Release|Any CPU
		{B2C3D4E5-F6A7-8901-BCDE-F12345678901}.Release|Any CPU.Build.0 = Release|Any CPU
		{B2C3D4E5-F6A7-8901-BCDE-F12345678901}.Release|x64.ActiveCfg = Release|Any CPU
		{B2C3D4E5-F6A7-8901-BCDE-F12345678901}.Release|x64.Build.0 = Release|Any CPU
		{B2C3D4E5-F6A7-8901-BCDE-F12345678901}.Release|x86.ActiveCfg = Release|Any CPU
		{B2C3D4E5-F6A7-8901-BCDE-F12345678901}.Release|x86.Build.0 = Release|Any CPU
		{C3D4E5F6-A7B8-9012-CDEF-123456789012}.Debug|Any CPU.ActiveCfg = Debug|Any CPU
		{C3D4E5F6-A7B8-9012-CDEF-123456789012}.Debug|Any CPU.Build.0 = Debug|Any CPU
		{C3D4E5F6-A7B8-9012-CDEF-123456789012}.Debug|x64.ActiveCfg = Debug|Any CPU
		{C3D4E5F6-A7B8-9012-CDEF-123456789012}.Debug|x64.Build.0 = Debug|Any CPU
		{C3D4E5F6-A7B8-9012-CDEF-123456789012}.Debug|x86.ActiveCfg = Debug|Any CPU
		{C3D4E5F6-A7B8-9012-CDEF-123456789012}.Debug|x86.Build.0 = Debug|Any CPU
		{C3D4E5F6-A7B8-9012-CDEF-123456789012}.Release|Any CPU.ActiveCfg = Release|Any CPU
		{C3D4E5F6-A7B8-9012-CDEF-123456789012}.Release|Any CPU.Build.0 = Release|Any CPU
		{C3D4E5F6-A7B8-9012-CDEF-123456789012}.Release|x64.ActiveCfg = Release|Any CPU
		{C3D4E5F6-A7B8-9012-CDEF-123456789012}.Release|x64.Build.0 = Release|Any CPU
		{C3D4E5F6-A7B8-9012-CDEF-123456789012}.Release|x86.ActiveCfg = Release|Any CPU
		{C3D4E5F6-A7B8-9012-CDEF-123456789012}.Release|x86.Build.0 = Release|Any CPU
		{CD98A14F-BE25-4F41-97F8-AE525A462BFC}.Debug|Any CPU.ActiveCfg = Debug|Any CPU
		{CD98A14F-BE25-4F41-97F8-AE525A462BFC}.Debug|Any CPU.Build.0 = Debug|Any CPU
		{CD98A14F-BE25-4F41-97F8-AE525A462BFC}.Debug|x64.ActiveCfg = Debug|Any CPU
		{CD98A14F-BE25-4F41-97F8-AE525A462BFC}.Debug|x64.Build.0 = Debug|Any CPU
		{CD98A14F-BE25-4F41-97F8-AE525A462BFC}.Debug|x86.ActiveCfg = Debug|Any CPU
		{CD98A14F-BE25-4F41-97F8-AE525A462BFC}.Debug|x86.Build.0 = Debug|Any CPU
		{CD98A14F-BE25-4F41-97F8-AE525A462BFC}.Release|Any CPU.ActiveCfg = Release|Any CPU
		{CD98A14F-BE25-4F41-97F8-AE525A462BFC}.Release|Any CPU.Build.0 = Release|Any CPU
		{CD98A14F-BE25-4F41-97F8-AE525A462BFC}.Release|x64.ActiveCfg = Release|Any CPU
		{CD98A14F-BE25-4F41-97F8-AE525A462BFC}.Release|x64.Build.0 = Release|Any CPU
		{CD98A14F-BE25-4F41-97F8-AE525A462BFC}.Release|x86.ActiveCfg = Release|Any CPU
		{CD98A14F-BE25-4F41-97F8-AE525A462BFC}.Release|x86.Build.0 = Release|Any CPU
		{D1E2F3A4-B5C6-7890-ABCD-EF0123456789}.Debug|Any CPU.ActiveCfg = Debug|Any CPU
		{D1E2F3A4-B5C6-7890-ABCD-EF0123456789}.Debug|Any CPU.Build.0 = Debug|Any CPU
		{D1E2F3A4-B5C6-7890-ABCD-EF0123456789}.Debug|x64.ActiveCfg = Debug|Any CPU
		{D1E2F3A4-B5C6-7890-ABCD-EF0123456789}.Debug|x64.Build.0 = Debug|Any CPU
		{D1E2F3A4-B5C6-7890-ABCD-EF0123456789}.Debug|x86.ActiveCfg = Debug|Any CPU
		{D1E2F3A4-B5C6-7890-ABCD-EF0123456789}.Debug|x86.Build.0 = Debug|Any CPU
		{D1E2F3A4-B5C6-7890-ABCD-EF0123456789}.Release|Any CPU.ActiveCfg = Release|Any CPU
		{D1E2F3A4-B5C6-7890-ABCD-EF0123456789}.Release|Any CPU.Build.0 = Release|Any CPU
		{D1E2F3A4-B5C6-7890-ABCD-EF0123456789}.Release|x64.ActiveCfg = Release|Any CPU
		{D1E2F3A4-B5C6-7890-ABCD-EF0123456789}.Release|x64.Build.0 = Release|Any CPU
		{D1E2F3A4-B5C6-7890-ABCD-EF0123456789}.Release|x86.ActiveCfg = Release|Any CPU
		{D1E2F3A4-B5C6-7890-ABCD-EF0123456789}.Release|x86.Build.0 = Release|Any CPU
	EndGlobalSection
	GlobalSection(SolutionProperties) = preSolution
		HideSolutionNode = FALSE
	EndGlobalSection
	GlobalSection(NestedProjects) = preSolution
		{A826633E-0AB5-468E-BEA5-29AF55CCAD2B} = {D706DD7D-F543-40E5-A8F1-0B11DA27D26D}
		{0299890D-7025-4C12-866D-EEA889CF55A5} = {D706DD7D-F543-40E5-A8F1-0B11DA27D26D}
		{542F861F-D602-4DA3-AB79-4426113337DA} = {D706DD7D-F543-40E5-A8F1-0B11DA27D26D}
		{5538395B-5BA8-410C-B74B-0ADFE98B0CBA} = {D706DD7D-F543-40E5-A8F1-0B11DA27D26D}
		{DB01AA59-236B-3B27-B7D9-AF4D8E3BCFE0} = {D706DD7D-F543-40E5-A8F1-0B11DA27D26D}
		{7BB0F59F-8962-D64C-6694-CB18D3F9B1F7} = {D706DD7D-F543-40E5-A8F1-0B11DA27D26D}
		{CD35F195-3D9C-9374-5705-97735C787AF5} = {D706DD7D-F543-40E5-A8F1-0B11DA27D26D}
		{A1B2C3D4-E5F6-7890-ABCD-EF1234567890} = {D706DD7D-F543-40E5-A8F1-0B11DA27D26D}
		{DF8BCD13-84AF-4D4E-BE08-8E9CDBA8E496} = {D706DD7D-F543-40E5-A8F1-0B11DA27D26D}
		{CF1A27E5-1906-8079-95E7-A68225D24914} = {D706DD7D-F543-40E5-A8F1-0B11DA27D26D}
		{2E28A24B-6D87-57B9-20B1-838C02ECD093} = {D706DD7D-F543-40E5-A8F1-0B11DA27D26D}
		{427F6397-FCE6-4EB1-A45D-2B2765D922EE} = {D706DD7D-F543-40E5-A8F1-0B11DA27D26D}
		{E8F9A1B2-3C4D-5E6F-7890-ABCDEF123456} = {D706DD7D-F543-40E5-A8F1-0B11DA27D26D}
		{CD98A14F-BE25-4F41-97F8-AE525A462BFC} = {D706DD7D-F543-40E5-A8F1-0B11DA27D26D}
		{D1E2F3A4-B5C6-7890-ABCD-EF0123456789} = {D706DD7D-F543-40E5-A8F1-0B11DA27D26D}
	EndGlobalSection
	GlobalSection(ExtensibilityGlobals) = postSolution
		SolutionGuid = {0989C933-027C-481E-A961-1167A99C0239}
	EndGlobalSection
EndGlobal
